
Microsoft Visual Studio Solution File, Format Version 12.00
# Visual Studio Version 17
VisualStudioVersion = 17.4.33103.184
MinimumVisualStudioVersion = 10.0.40219.1
Project("{FAE04EC0-301F-11D3-BF4B-00C04F79EFBC}") = "AuthAspNetDemo", "AuthAspNetDemo.csproj", "{562A052B-7001-454A-8319-D21D87FC2826}"
EndProject
Global
	GlobalSection(SolutionConfigurationPlatforms) = preSolution
		Debug|Any CPU = Debug|Any CPU
		Release|Any CPU = Release|Any CPU
	EndGlobalSection
	GlobalSection(ProjectConfigurationPlatforms) = postSolution
		{562A052B-7001-454A-8319-D21D87FC2826}.Debug|Any CPU.ActiveCfg = Debug|Any CPU
		{562A052B-7001-454A-8319-D21D87FC2826}.Debug|Any CPU.Build.0 = Debug|Any CPU
		{562A052B-7001-454A-8319-D21D87FC2826}.Release|Any CPU.ActiveCfg = Release|Any CPU
		{562A052B-7001-454A-8319-D21D87FC2826}.Release|Any CPU.Build.0 = Release|Any CPU
	EndGlobalSection
	GlobalSection(SolutionProperties) = preSolution
		HideSolutionNode = FALSE
	EndGlobalSection
	GlobalSection(ExtensibilityGlobals) = postSolution
		SolutionGuid = {A70933A9-8651-4C2D-BE02-FB96DB34F4BD}
	EndGlobalSection
EndGlobal
